
Microsoft Visual Studio Solution File, Format Version 12.00
# Visual Studio Version 16
VisualStudioVersion = 16.0.30907.101
MinimumVisualStudioVersion = 10.0.40219.1
Project("{FAE04EC0-301F-11D3-BF4B-00C04F79EFBC}") = "WindowTitleControl", "WindowTitleControl\WindowTitleControl.csproj", "{3D652630-33E0-4B60-AFB4-363177F716A5}"
EndProject
Global
	GlobalSection(SolutionConfigurationPlatforms) = preSolution
		Debug|Any CPU = Debug|Any CPU
		Release|Any CPU = Release|Any CPU
	EndGlobalSection
	GlobalSection(ProjectConfigurationPlatforms) = postSolution
		{3D652630-33E0-4B60-AFB4-363177F716A5}.Debug|Any CPU.ActiveCfg = Debug|Any CPU
		{3D652630-33E0-4B60-AFB4-363177F716A5}.Debug|Any CPU.Build.0 = Debug|Any CPU
		{3D652630-33E0-4B60-AFB4-363177F716A5}.Release|Any CPU.ActiveCfg = Release|Any CPU
		{3D652630-33E0-4B60-AFB4-363177F716A5}.Release|Any CPU.Build.0 = Release|Any CPU
	EndGlobalSection
	GlobalSection(SolutionProperties) = preSolution
		HideSolutionNode = FALSE
	EndGlobalSection
	GlobalSection(ExtensibilityGlobals) = postSolution
		SolutionGuid = {8EB089F2-8ACD-4387-8348-C3C7A6555E12}
	EndGlobalSection
EndGlobal
